<?xml version="1.0" encoding="utf-8"?>
<Project ToolsVersion="4.0" xmlns="http://schemas.microsoft.com/developer/msbuild/2003">
  <ItemGroup>
    <Filter Include="소스 파일">
      <UniqueIdentifier>{4FC737F1-C7A5-4376-A066-2A32D752A2FF}</UniqueIdentifier>
      <Extensions>cpp;c;cc;cxx;c++;cppm;ixx;def;odl;idl;hpj;bat;asm;asmx</Extensions>
    </Filter>
    <Filter Include="헤더 파일">
      <UniqueIdentifier>{93995380-89BD-4b04-88EB-625FBE52EBFB}</UniqueIdentifier>
      <Extensions>h;hh;hpp;hxx;h++;hm;inl;inc;ipp;xsd</Extensions>
    </Filter>
    <Filter Include="리소스 파일">
      <UniqueIdentifier>{67DA6AB6-F800-4c08-8B7A-83BB121AAD01}</UniqueIdentifier>
      <Extensions>rc;ico;cur;bmp;dlg;rc2;rct;bin;rgs;gif;jpg;jpeg;jpe;resx;tiff;tif;png;wav;mfcribbon-ms</Extensions>
    </Filter>
    <Filter Include="소스 파일\Player">
      <UniqueIdentifier>{78b8875f-6663-4b59-8510-716aa03da39d}</UniqueIdentifier>
    </Filter>
    <Filter Include="소스 파일\utils">
      <UniqueIdentifier>{aab8495f-b8d7-4823-a831-af4e3e1b47e0}</UniqueIdentifier>
    </Filter>
    <Filter Include="소스 파일\Zombie">
      <UniqueIdentifier>{3f614ecb-0887-42e2-bd3f-145497c151c4}</UniqueIdentifier>
    </Filter>
    <Filter Include="소스 파일\Bullet">
      <UniqueIdentifier>{1999dd17-b645-4be2-8986-e2cda033e1e0}</UniqueIdentifier>
    </Filter>
    <Filter Include="소스 파일\PickUp">
      <UniqueIdentifier>{af357c0a-2a5f-4b69-bb6a-6ff1e5aac851}</UniqueIdentifier>
    </Filter>
  </ItemGroup>
  <ItemGroup>
    <ClCompile Include="sorce\zomdie.cpp">
      <Filter>소스 파일</Filter>
    </ClCompile>
    <ClCompile Include="sorce\Player\Player.cpp">
      <Filter>소스 파일\Player</Filter>
    </ClCompile>
    <ClCompile Include="sorce\utils\utils.cpp">
      <Filter>소스 파일\utils</Filter>
    </ClCompile>
    <ClCompile Include="sorce\utils\InputManager.cpp">
      <Filter>소스 파일\utils</Filter>
    </ClCompile>
    <ClCompile Include="sorce\utils\TextureHolder.cpp">
      <Filter>소스 파일</Filter>
    </ClCompile>
    <ClCompile Include="sorce\Zombie\Zombie.cpp">
      <Filter>소스 파일\Zombie</Filter>
    </ClCompile>
    <ClCompile Include="sorce\Bullet\Bullet.cpp">
      <Filter>소스 파일\Bullet</Filter>
    </ClCompile>
    <ClCompile Include="sorce\Pickup\Pickup.cpp">
      <Filter>소스 파일</Filter>
    </ClCompile>
    <ClCompile Include="sorce\Player\ReloadBar.cpp">
      <Filter>소스 파일</Filter>
    </ClCompile>
  </ItemGroup>
  <ItemGroup>
    <ClInclude Include="sorce\Player\Player.h">
      <Filter>소스 파일\Player</Filter>
    </ClInclude>
    <ClInclude Include="sorce\utils\utils.h">
      <Filter>소스 파일\utils</Filter>
    </ClInclude>
    <ClInclude Include="sorce\utils\InputManager.h">
      <Filter>소스 파일\utils</Filter>
    </ClInclude>
    <ClInclude Include="sorce\utils\TextureHolder.h">
      <Filter>소스 파일\utils</Filter>
    </ClInclude>
    <ClInclude Include="sorce\Zombie\Zombie.h">
      <Filter>소스 파일\Zombie</Filter>
    </ClInclude>
    <ClInclude Include="sorce\Bullet\Bullet.h">
      <Filter>소스 파일\Bullet</Filter>
    </ClInclude>
    <ClInclude Include="sorce\Pickup\Pickup.h">
      <Filter>소스 파일\PickUp</Filter>
    </ClInclude>
    <ClInclude Include="sorce\Player\ReloadBar.h">
      <Filter>소스 파일\Player</Filter>
    </ClInclude>
  </ItemGroup>
</Project>